
Microsoft Visual Studio Solution File, Format Version 12.00
# Visual Studio Version 17
VisualStudioVersion = 17.0.31903.59
MinimumVisualStudioVersion = 10.0.40219.1
Project("{FAE04EC0-301F-11D3-BF4B-00C04F79EFBC}") = "TrainingManagement.API", "TrainingManagement.API\TrainingManagement.API.csproj", "{64FEFC38-6B09-40A1-B64B-52CFF3CF1A7B}"
EndProject
Project("{FAE04EC0-301F-11D3-BF4B-00C04F79EFBC}") = "TrainingManagement.Core", "TrainingManagement.Core\TrainingManagement.Core.csproj", "{07E8212E-548B-4D21-AD72-272CC099B0EF}"
EndProject
Project("{FAE04EC0-301F-11D3-BF4B-00C04F79EFBC}") = "TrainingManagement.Infrastructure", "TrainingManagement.Infrastructure\TrainingManagement.Infrastructure.csproj", "{51AC62D2-20EB-468C-9ECA-3D229C84B745}"
EndProject
Project("{FAE04EC0-301F-11D3-BF4B-00C04F79EFBC}") = "TrainingManagement.Tests", "TrainingManagement.Tests\TrainingManagement.Tests.csproj", "{970A8B03-B9C0-4763-B79B-2895A7B61C39}"
EndProject
Global
	GlobalSection(SolutionConfigurationPlatforms) = preSolution
		Debug|Any CPU = Debug|Any CPU
		Release|Any CPU = Release|Any CPU
	EndGlobalSection
	GlobalSection(SolutionProperties) = preSolution
		HideSolutionNode = FALSE
	EndGlobalSection
	GlobalSection(ProjectConfigurationPlatforms) = postSolution
		{64FEFC38-6B09-40A1-B64B-52CFF3CF1A7B}.Debug|Any CPU.ActiveCfg = Debug|Any CPU
		{64FEFC38-6B09-40A1-B64B-52CFF3CF1A7B}.Debug|Any CPU.Build.0 = Debug|Any CPU
		{64FEFC38-6B09-40A1-B64B-52CFF3CF1A7B}.Release|Any CPU.ActiveCfg = Release|Any CPU
		{64FEFC38-6B09-40A1-B64B-52CFF3CF1A7B}.Release|Any CPU.Build.0 = Release|Any CPU
		{07E8212E-548B-4D21-AD72-272CC099B0EF}.Debug|Any CPU.ActiveCfg = Debug|Any CPU
		{07E8212E-548B-4D21-AD72-272CC099B0EF}.Debug|Any CPU.Build.0 = Debug|Any CPU
		{07E8212E-548B-4D21-AD72-272CC099B0EF}.Release|Any CPU.ActiveCfg = Release|Any CPU
		{07E8212E-548B-4D21-AD72-272CC099B0EF}.Release|Any CPU.Build.0 = Release|Any CPU
		{51AC62D2-20EB-468C-9ECA-3D229C84B745}.Debug|Any CPU.ActiveCfg = Debug|Any CPU
		{51AC62D2-20EB-468C-9ECA-3D229C84B745}.Debug|Any CPU.Build.0 = Debug|Any CPU
		{51AC62D2-20EB-468C-9ECA-3D229C84B745}.Release|Any CPU.ActiveCfg = Release|Any CPU
		{51AC62D2-20EB-468C-9ECA-3D229C84B745}.Release|Any CPU.Build.0 = Release|Any CPU
		{970A8B03-B9C0-4763-B79B-2895A7B61C39}.Debug|Any CPU.ActiveCfg = Debug|Any CPU
		{970A8B03-B9C0-4763-B79B-2895A7B61C39}.Debug|Any CPU.Build.0 = Debug|Any CPU
		{970A8B03-B9C0-4763-B79B-2895A7B61C39}.Release|Any CPU.ActiveCfg = Release|Any CPU
		{970A8B03-B9C0-4763-B79B-2895A7B61C39}.Release|Any CPU.Build.0 = Release|Any CPU
	EndGlobalSection
EndGlobal
